
Microsoft Visual Studio Solution File, Format Version 12.00
# Visual Studio 2012
Project("{FAE04EC0-301F-11D3-BF4B-00C04F79EFBC}") = "SystemExt", "SystemExt.csproj", "{95DEB07B-5B8A-4EAB-9736-647B89AEB221}"
EndProject
Project("{FAE04EC0-301F-11D3-BF4B-00C04F79EFBC}") = "Patholab_DAL", "..\Patholab_DAL\Patholab_DAL\Patholab_DAL.csproj", "{6B475F1C-E0AF-4D44-A377-162C26E255DB}"
EndProject
Project("{FAE04EC0-301F-11D3-BF4B-00C04F79EFBC}") = "Patholab_Common", "..\Patholab_Common\Patholab_Common.csproj", "{A60242B9-5382-4A90-91F8-F390DA706AE7}"
EndProject
Project("{FAE04EC0-301F-11D3-BF4B-00C04F79EFBC}") = "WindowsFormsApplication2", "..\WindowsFormsApplication2\WindowsFormsApplication2.csproj", "{A559D0D6-9B39-433C-876F-28309AE84BD9}"
EndProject
Global
	GlobalSection(SolutionConfigurationPlatforms) = preSolution
		Debug|Any CPU = Debug|Any CPU
		Release|Any CPU = Release|Any CPU
	EndGlobalSection
	GlobalSection(ProjectConfigurationPlatforms) = postSolution
		{95DEB07B-5B8A-4EAB-9736-647B89AEB221}.Debug|Any CPU.ActiveCfg = Debug|Any CPU
		{95DEB07B-5B8A-4EAB-9736-647B89AEB221}.Debug|Any CPU.Build.0 = Debug|Any CPU
		{95DEB07B-5B8A-4EAB-9736-647B89AEB221}.Release|Any CPU.ActiveCfg = Release|Any CPU
		{95DEB07B-5B8A-4EAB-9736-647B89AEB221}.Release|Any CPU.Build.0 = Release|Any CPU
		{6B475F1C-E0AF-4D44-A377-162C26E255DB}.Debug|Any CPU.ActiveCfg = Debug|Any CPU
		{6B475F1C-E0AF-4D44-A377-162C26E255DB}.Debug|Any CPU.Build.0 = Debug|Any CPU
		{6B475F1C-E0AF-4D44-A377-162C26E255DB}.Release|Any CPU.ActiveCfg = Release|Any CPU
		{6B475F1C-E0AF-4D44-A377-162C26E255DB}.Release|Any CPU.Build.0 = Release|Any CPU
		{A60242B9-5382-4A90-91F8-F390DA706AE7}.Debug|Any CPU.ActiveCfg = Debug|Any CPU
		{A60242B9-5382-4A90-91F8-F390DA706AE7}.Debug|Any CPU.Build.0 = Debug|Any CPU
		{A60242B9-5382-4A90-91F8-F390DA706AE7}.Release|Any CPU.ActiveCfg = Release|Any CPU
		{A60242B9-5382-4A90-91F8-F390DA706AE7}.Release|Any CPU.Build.0 = Release|Any CPU
		{A559D0D6-9B39-433C-876F-28309AE84BD9}.Debug|Any CPU.ActiveCfg = Debug|Any CPU
		{A559D0D6-9B39-433C-876F-28309AE84BD9}.Debug|Any CPU.Build.0 = Debug|Any CPU
		{A559D0D6-9B39-433C-876F-28309AE84BD9}.Release|Any CPU.ActiveCfg = Release|Any CPU
		{A559D0D6-9B39-433C-876F-28309AE84BD9}.Release|Any CPU.Build.0 = Release|Any CPU
	EndGlobalSection
	GlobalSection(SolutionProperties) = preSolution
		HideSolutionNode = FALSE
	EndGlobalSection
EndGlobal
